
Microsoft Visual Studio Solution File, Format Version 12.00
# Visual Studio Version 16
VisualStudioVersion = 16.0.29519.181
MinimumVisualStudioVersion = 10.0.40219.1
Project("{FAE04EC0-301F-11D3-BF4B-00C04F79EFBC}") = "Sol_Call_Action_Javascript", "Sol_Call_Action_Javascript\Sol_Call_Action_Javascript.csproj", "{FC6ACC66-A96E-4233-950D-1EAA6ED3872D}"
EndProject
Global
	GlobalSection(SolutionConfigurationPlatforms) = preSolution
		Debug|Any CPU = Debug|Any CPU
		Release|Any CPU = Release|Any CPU
	EndGlobalSection
	GlobalSection(ProjectConfigurationPlatforms) = postSolution
		{FC6ACC66-A96E-4233-950D-1EAA6ED3872D}.Debug|Any CPU.ActiveCfg = Debug|Any CPU
		{FC6ACC66-A96E-4233-950D-1EAA6ED3872D}.Debug|Any CPU.Build.0 = Debug|Any CPU
		{FC6ACC66-A96E-4233-950D-1EAA6ED3872D}.Release|Any CPU.ActiveCfg = Release|Any CPU
		{FC6ACC66-A96E-4233-950D-1EAA6ED3872D}.Release|Any CPU.Build.0 = Release|Any CPU
	EndGlobalSection
	GlobalSection(SolutionProperties) = preSolution
		HideSolutionNode = FALSE
	EndGlobalSection
	GlobalSection(ExtensibilityGlobals) = postSolution
		SolutionGuid = {A7A88457-DF15-4BC8-9502-4227C5D9210A}
	EndGlobalSection
EndGlobal
